
Microsoft Visual Studio Solution File, Format Version 12.00
# Visual Studio Version 16
VisualStudioVersion = 16.0.31424.327
MinimumVisualStudioVersion = 10.0.40219.1
Project("{888888A0-9F3D-457C-B088-3A5042F75D52}") = "STFC_Log_Parser", "STFC_Log_Parser.pyproj", "{5C59D30B-1F77-420F-87AA-5A4E60771BDD}"
EndProject
Global
	GlobalSection(SolutionConfigurationPlatforms) = preSolution
		Debug|Any CPU = Debug|Any CPU
		Release|Any CPU = Release|Any CPU
	EndGlobalSection
	GlobalSection(ProjectConfigurationPlatforms) = postSolution
		{5C59D30B-1F77-420F-87AA-5A4E60771BDD}.Debug|Any CPU.ActiveCfg = Debug|Any CPU
		{5C59D30B-1F77-420F-87AA-5A4E60771BDD}.Release|Any CPU.ActiveCfg = Release|Any CPU
	EndGlobalSection
	GlobalSection(SolutionProperties) = preSolution
		HideSolutionNode = FALSE
	EndGlobalSection
	GlobalSection(ExtensibilityGlobals) = postSolution
		SolutionGuid = {89C3E785-705D-4FD9-84FC-1CEC7BDA11CD}
	EndGlobalSection
EndGlobal
